
Microsoft Visual Studio Solution File, Format Version 12.00
# Visual Studio Version 16
VisualStudioVersion = 16.0.29709.97
MinimumVisualStudioVersion = 10.0.40219.1
Project("{FAE04EC0-301F-11D3-BF4B-00C04F79EFBC}") = "MVC5Employees", "MVC5Employees.csproj", "{AAA922E9-E092-4054-A91C-936DE3903638}"
EndProject
Global
	GlobalSection(SolutionConfigurationPlatforms) = preSolution
		Debug|Any CPU = Debug|Any CPU
		Release|Any CPU = Release|Any CPU
	EndGlobalSection
	GlobalSection(ProjectConfigurationPlatforms) = postSolution
		{AAA922E9-E092-4054-A91C-936DE3903638}.Debug|Any CPU.ActiveCfg = Debug|Any CPU
		{AAA922E9-E092-4054-A91C-936DE3903638}.Debug|Any CPU.Build.0 = Debug|Any CPU
		{AAA922E9-E092-4054-A91C-936DE3903638}.Release|Any CPU.ActiveCfg = Release|Any CPU
		{AAA922E9-E092-4054-A91C-936DE3903638}.Release|Any CPU.Build.0 = Release|Any CPU
	EndGlobalSection
	GlobalSection(SolutionProperties) = preSolution
		HideSolutionNode = FALSE
	EndGlobalSection
	GlobalSection(ExtensibilityGlobals) = postSolution
		SolutionGuid = {8E27DA91-6F39-4671-9F1E-12D7BA3F9AB0}
	EndGlobalSection
EndGlobal
